// !$*UTF8*$!
{
	archiveVersion = 1;
	classes = {
	};
	objectVersion = 50;
	objects = {

/* Begin PBXBuildFile section */
		462F64D021D278EB0040207A /* FeedViewModel.swift in Sources */ = {isa = PBXBuildFile; fileRef = 462F64CF21D278EB0040207A /* FeedViewModel.swift */; };
		462F64D221D2A65A0040207A /* Model.swift in Sources */ = {isa = PBXBuildFile; fileRef = 462F64D121D2A65A0040207A /* Model.swift */; };
		462F64D421D2A6F30040207A /* exmple.json in Resources */ = {isa = PBXBuildFile; fileRef = 462F64D321D2A6F30040207A /* exmple.json */; };
		462F64D721D65AC70040207A /* FancyLayout.swift in Sources */ = {isa = PBXBuildFile; fileRef = 462F64D621D65AC70040207A /* FancyLayout.swift */; };
		462F64D921D91B740040207A /* Utilities.swift in Sources */ = {isa = PBXBuildFile; fileRef = 462F64D821D91B740040207A /* Utilities.swift */; };
		46AF8EAF21CE991500FE14DF /* AppDelegate.swift in Sources */ = {isa = PBXBuildFile; fileRef = 46AF8EAE21CE991500FE14DF /* AppDelegate.swift */; };
		46AF8EB421CE991500FE14DF /* Main.storyboard in Resources */ = {isa = PBXBuildFile; fileRef = 46AF8EB221CE991500FE14DF /* Main.storyboard */; };
		46AF8EB621CE991600FE14DF /* Assets.xcassets in Resources */ = {isa = PBXBuildFile; fileRef = 46AF8EB521CE991600FE14DF /* Assets.xcassets */; };
		46AF8EB921CE991600FE14DF /* LaunchScreen.storyboard in Resources */ = {isa = PBXBuildFile; fileRef = 46AF8EB721CE991600FE14DF /* LaunchScreen.storyboard */; };
		46AF8EC421CE991600FE14DF /* KimonoFeedTests.swift in Sources */ = {isa = PBXBuildFile; fileRef = 46AF8EC321CE991600FE14DF /* KimonoFeedTests.swift */; };
		46AF8ECF21CE9B2000FE14DF /* FeedCollectionViewController.swift in Sources */ = {isa = PBXBuildFile; fileRef = 46AF8ECE21CE9B2000FE14DF /* FeedCollectionViewController.swift */; };
		46AF8ED121CE9FFD00FE14DF /* ImageCollectionViewCell.swift in Sources */ = {isa = PBXBuildFile; fileRef = 46AF8ED021CE9FFD00FE14DF /* ImageCollectionViewCell.swift */; };
/* End PBXBuildFile section */

/* Begin PBXContainerItemProxy section */
		46AF8EC021CE991600FE14DF /* PBXContainerItemProxy */ = {
			isa = PBXContainerItemProxy;
			containerPortal = 46AF8EA321CE991500FE14DF /* Project object */;
			proxyType = 1;
			remoteGlobalIDString = 46AF8EAA21CE991500FE14DF;
			remoteInfo = KimonoFeed;
		};
/* End PBXContainerItemProxy section */

/* Begin PBXFileReference section */
		462F64CF21D278EB0040207A /* FeedViewModel.swift */ = {isa = PBXFileReference; lastKnownFileType = sourcecode.swift; path = FeedViewModel.swift; sourceTree = "<group>"; };
		462F64D121D2A65A0040207A /* Model.swift */ = {isa = PBXFileReference; lastKnownFileType = sourcecode.swift; path = Model.swift; sourceTree = "<group>"; };
		462F64D321D2A6F30040207A /* exmple.json */ = {isa = PBXFileReference; lastKnownFileType = text.json; path = exmple.json; sourceTree = "<group>"; };
		462F64D621D65AC70040207A /* FancyLayout.swift */ = {isa = PBXFileReference; lastKnownFileType = sourcecode.swift; path = FancyLayout.swift; sourceTree = "<group>"; };
		462F64D821D91B740040207A /* Utilities.swift */ = {isa = PBXFileReference; fileEncoding = 4; lastKnownFileType = sourcecode.swift; path = Utilities.swift; sourceTree = "<group>"; };
		46AF8EAB21CE991500FE14DF /* KimonoFeed.app */ = {isa = PBXFileReference; explicitFileType = wrapper.application; includeInIndex = 0; path = KimonoFeed.app; sourceTree = BUILT_PRODUCTS_DIR; };
		46AF8EAE21CE991500FE14DF /* AppDelegate.swift */ = {isa = PBXFileReference; lastKnownFileType = sourcecode.swift; path = AppDelegate.swift; sourceTree = "<group>"; };
		46AF8EB321CE991500FE14DF /* Base */ = {isa = PBXFileReference; lastKnownFileType = file.storyboard; name = Base; path = Base.lproj/Main.storyboard; sourceTree = "<group>"; };
		46AF8EB521CE991600FE14DF /* Assets.xcassets */ = {isa = PBXFileReference; lastKnownFileType = folder.assetcatalog; path = Assets.xcassets; sourceTree = "<group>"; };
		46AF8EB821CE991600FE14DF /* Base */ = {isa = PBXFileReference; lastKnownFileType = file.storyboard; name = Base; path = Base.lproj/LaunchScreen.storyboard; sourceTree = "<group>"; };
		46AF8EBA21CE991600FE14DF /* Info.plist */ = {isa = PBXFileReference; lastKnownFileType = text.plist.xml; path = Info.plist; sourceTree = "<group>"; };
		46AF8EBF21CE991600FE14DF /* KimonoFeedTests.xctest */ = {isa = PBXFileReference; explicitFileType = wrapper.cfbundle; includeInIndex = 0; path = KimonoFeedTests.xctest; sourceTree = BUILT_PRODUCTS_DIR; };
		46AF8EC321CE991600FE14DF /* KimonoFeedTests.swift */ = {isa = PBXFileReference; lastKnownFileType = sourcecode.swift; path = KimonoFeedTests.swift; sourceTree = "<group>"; };
		46AF8EC521CE991600FE14DF /* Info.plist */ = {isa = PBXFileReference; lastKnownFileType = text.plist.xml; path = Info.plist; sourceTree = "<group>"; };
		46AF8ECE21CE9B2000FE14DF /* FeedCollectionViewController.swift */ = {isa = PBXFileReference; lastKnownFileType = sourcecode.swift; path = FeedCollectionViewController.swift; sourceTree = "<group>"; };
		46AF8ED021CE9FFD00FE14DF /* ImageCollectionViewCell.swift */ = {isa = PBXFileReference; lastKnownFileType = sourcecode.swift; path = ImageCollectionViewCell.swift; sourceTree = "<group>"; };
/* End PBXFileReference section */

/* Begin PBXFrameworksBuildPhase section */
		46AF8EA821CE991500FE14DF /* Frameworks */ = {
			isa = PBXFrameworksBuildPhase;
			buildActionMask = 2147483647;
			files = (
			);
			runOnlyForDeploymentPostprocessing = 0;
		};
		46AF8EBC21CE991600FE14DF /* Frameworks */ = {
			isa = PBXFrameworksBuildPhase;
			buildActionMask = 2147483647;
			files = (
			);
			runOnlyForDeploymentPostprocessing = 0;
		};
/* End PBXFrameworksBuildPhase section */

/* Begin PBXGroup section */
		46AF8EA221CE991500FE14DF = {
			isa = PBXGroup;
			children = (
				46AF8EAD21CE991500FE14DF /* KimonoFeed */,
				46AF8EC221CE991600FE14DF /* KimonoFeedTests */,
				46AF8EAC21CE991500FE14DF /* Products */,
			);
			sourceTree = "<group>";
		};
		46AF8EAC21CE991500FE14DF /* Products */ = {
			isa = PBXGroup;
			children = (
				46AF8EAB21CE991500FE14DF /* KimonoFeed.app */,
				46AF8EBF21CE991600FE14DF /* KimonoFeedTests.xctest */,
			);
			name = Products;
			sourceTree = "<group>";
		};
		46AF8EAD21CE991500FE14DF /* KimonoFeed */ = {
			isa = PBXGroup;
			children = (
				46AF8EAE21CE991500FE14DF /* AppDelegate.swift */,
				46AF8ECE21CE9B2000FE14DF /* FeedCollectionViewController.swift */,
				462F64D121D2A65A0040207A /* Model.swift */,
				462F64CF21D278EB0040207A /* FeedViewModel.swift */,
				46AF8ED021CE9FFD00FE14DF /* ImageCollectionViewCell.swift */,
				462F64D621D65AC70040207A /* FancyLayout.swift */,
				462F64D821D91B740040207A /* Utilities.swift */,
				462F64D321D2A6F30040207A /* exmple.json */,
				46AF8EB221CE991500FE14DF /* Main.storyboard */,
				46AF8EB521CE991600FE14DF /* Assets.xcassets */,
				46AF8EB721CE991600FE14DF /* LaunchScreen.storyboard */,
				46AF8EBA21CE991600FE14DF /* Info.plist */,
			);
			path = KimonoFeed;
			sourceTree = "<group>";
		};
		46AF8EC221CE991600FE14DF /* KimonoFeedTests */ = {
			isa = PBXGroup;
			children = (
				46AF8EC321CE991600FE14DF /* KimonoFeedTests.swift */,
				46AF8EC521CE991600FE14DF /* Info.plist */,
			);
			path = KimonoFeedTests;
			sourceTree = "<group>";
		};
/* End PBXGroup section */

/* Begin PBXNativeTarget section */
		46AF8EAA21CE991500FE14DF /* KimonoFeed */ = {
			isa = PBXNativeTarget;
			buildConfigurationList = 46AF8EC821CE991600FE14DF /* Build configuration list for PBXNativeTarget "KimonoFeed" */;
			buildPhases = (
				46AF8EA721CE991500FE14DF /* Sources */,
				46AF8EA821CE991500FE14DF /* Frameworks */,
				46AF8EA921CE991500FE14DF /* Resources */,
			);
			buildRules = (
			);
			dependencies = (
			);
			name = KimonoFeed;
			productName = KimonoFeed;
			productReference = 46AF8EAB21CE991500FE14DF /* KimonoFeed.app */;
			productType = "com.apple.product-type.application";
		};
		46AF8EBE21CE991600FE14DF /* KimonoFeedTests */ = {
			isa = PBXNativeTarget;
			buildConfigurationList = 46AF8ECB21CE991600FE14DF /* Build configuration list for PBXNativeTarget "KimonoFeedTests" */;
			buildPhases = (
				46AF8EBB21CE991600FE14DF /* Sources */,
				46AF8EBC21CE991600FE14DF /* Frameworks */,
				46AF8EBD21CE991600FE14DF /* Resources */,
			);
			buildRules = (
			);
			dependencies = (
				46AF8EC121CE991600FE14DF /* PBXTargetDependency */,
			);
			name = KimonoFeedTests;
			productName = KimonoFeedTests;
			productReference = 46AF8EBF21CE991600FE14DF /* KimonoFeedTests.xctest */;
			productType = "com.apple.product-type.bundle.unit-test";
		};
/* End PBXNativeTarget section */

/* Begin PBXProject section */
		46AF8EA321CE991500FE14DF /* Project object */ = {
			isa = PBXProject;
			attributes = {
				LastSwiftUpdateCheck = 1010;
				LastUpgradeCheck = 1010;
				ORGANIZATIONNAME = "孙翔宇";
				TargetAttributes = {
					46AF8EAA21CE991500FE14DF = {
						CreatedOnToolsVersion = 10.1;
					};
					46AF8EBE21CE991600FE14DF = {
						CreatedOnToolsVersion = 10.1;
						TestTargetID = 46AF8EAA21CE991500FE14DF;
					};
				};
			};
			buildConfigurationList = 46AF8EA621CE991500FE14DF /* Build configuration list for PBXProject "KimonoFeed" */;
			compatibilityVersion = "Xcode 9.3";
			developmentRegion = en;
			hasScannedForEncodings = 0;
			knownRegions = (
				en,
				Base,
			);
			mainGroup = 46AF8EA221CE991500FE14DF;
			productRefGroup = 46AF8EAC21CE991500FE14DF /* Products */;
			projectDirPath = "";
			projectRoot = "";
			targets = (
				46AF8EAA21CE991500FE14DF /* KimonoFeed */,
				46AF8EBE21CE991600FE14DF /* KimonoFeedTests */,
			);
		};
/* End PBXProject section */

/* Begin PBXResourcesBuildPhase section */
		46AF8EA921CE991500FE14DF /* Resources */ = {
			isa = PBXResourcesBuildPhase;
			buildActionMask = 2147483647;
			files = (
				46AF8EB921CE991600FE14DF /* LaunchScreen.storyboard in Resources */,
				46AF8EB621CE991600FE14DF /* Assets.xcassets in Resources */,
				462F64D421D2A6F30040207A /* exmple.json in Resources */,
				46AF8EB421CE991500FE14DF /* Main.storyboard in Resources */,
			);
			runOnlyForDeploymentPostprocessing = 0;
		};
		46AF8EBD21CE991600FE14DF /* Resources */ = {
			isa = PBXResourcesBuildPhase;
			buildActionMask = 2147483647;
			files = (
			);
			runOnlyForDeploymentPostprocessing = 0;
		};
/* End PBXResourcesBuildPhase section */

/* Begin PBXSourcesBuildPhase section */
		46AF8EA721CE991500FE14DF /* Sources */ = {
			isa = PBXSourcesBuildPhase;
			buildActionMask = 2147483647;
			files = (
				462F64D221D2A65A0040207A /* Model.swift in Sources */,
				46AF8ED121CE9FFD00FE14DF /* ImageCollectionViewCell.swift in Sources */,
				462F64D921D91B740040207A /* Utilities.swift in Sources */,
				46AF8ECF21CE9B2000FE14DF /* FeedCollectionViewController.swift in Sources */,
				462F64D021D278EB0040207A /* FeedViewModel.swift in Sources */,
				46AF8EAF21CE991500FE14DF /* AppDelegate.swift in Sources */,
				462F64D721D65AC70040207A /* FancyLayout.swift in Sources */,
			);
			runOnlyForDeploymentPostprocessing = 0;
		};
		46AF8EBB21CE991600FE14DF /* Sources */ = {
			isa = PBXSourcesBuildPhase;
			buildActionMask = 2147483647;
			files = (
				46AF8EC421CE991600FE14DF /* KimonoFeedTests.swift in Sources */,
			);
			runOnlyForDeploymentPostprocessing = 0;
		};
/* End PBXSourcesBuildPhase section */

/* Begin PBXTargetDependency section */
		46AF8EC121CE991600FE14DF /* PBXTargetDependency */ = {
			isa = PBXTargetDependency;
			target = 46AF8EAA21CE991500FE14DF /* KimonoFeed */;
			targetProxy = 46AF8EC021CE991600FE14DF /* PBXContainerItemProxy */;
		};
/* End PBXTargetDependency section */

/* Begin PBXVariantGroup section */
		46AF8EB221CE991500FE14DF /* Main.storyboard */ = {
			isa = PBXVariantGroup;
			children = (
				46AF8EB321CE991500FE14DF /* Base */,
			);
			name = Main.storyboard;
			sourceTree = "<group>";
		};
		46AF8EB721CE991600FE14DF /* LaunchScreen.storyboard */ = {
			isa = PBXVariantGroup;
			children = (
				46AF8EB821CE991600FE14DF /* Base */,
			);
			name = LaunchScreen.storyboard;
			sourceTree = "<group>";
		};
/* End PBXVariantGroup section */

/* Begin XCBuildConfiguration section */
		46AF8EC621CE991600FE14DF /* Debug */ = {
			isa = XCBuildConfiguration;
			buildSettings = {
				ALWAYS_SEARCH_USER_PATHS = NO;
				CLANG_ANALYZER_NONNULL = YES;
				CLANG_ANALYZER_NUMBER_OBJECT_CONVERSION = YES_AGGRESSIVE;
				CLANG_CXX_LANGUAGE_STANDARD = "gnu++14";
				CLANG_CXX_LIBRARY = "libc++";
				CLANG_ENABLE_MODULES = YES;
				CLANG_ENABLE_OBJC_ARC = YES;
				CLANG_ENABLE_OBJC_WEAK = YES;
				CLANG_WARN_BLOCK_CAPTURE_AUTORELEASING = YES;
				CLANG_WARN_BOOL_CONVERSION = YES;
				CLANG_WARN_COMMA = YES;
				CLANG_WARN_CONSTANT_CONVERSION = YES;
				CLANG_WARN_DEPRECATED_OBJC_IMPLEMENTATIONS = YES;
				CLANG_WARN_DIRECT_OBJC_ISA_USAGE = YES_ERROR;
				CLANG_WARN_DOCUMENTATION_COMMENTS = YES;
				CLANG_WARN_EMPTY_BODY = YES;
				CLANG_WARN_ENUM_CONVERSION = YES;
				CLANG_WARN_INFINITE_RECURSION = YES;
				CLANG_WARN_INT_CONVERSION = YES;
				CLANG_WARN_NON_LITERAL_NULL_CONVERSION = YES;
				CLANG_WARN_OBJC_IMPLICIT_RETAIN_SELF = YES;
				CLANG_WARN_OBJC_LITERAL_CONVERSION = YES;
				CLANG_WARN_OBJC_ROOT_CLASS = YES_ERROR;
				CLANG_WARN_RANGE_LOOP_ANALYSIS = YES;
				CLANG_WARN_STRICT_PROTOTYPES = YES;
				CLANG_WARN_SUSPICIOUS_MOVE = YES;
				CLANG_WARN_UNGUARDED_AVAILABILITY = YES_AGGRESSIVE;
				CLANG_WARN_UNREACHABLE_CODE = YES;
				CLANG_WARN__DUPLICATE_METHOD_MATCH = YES;
				CODE_SIGN_IDENTITY = "iPhone Developer";
				COPY_PHASE_STRIP = NO;
				DEBUG_INFORMATION_FORMAT = dwarf;
				ENABLE_STRICT_OBJC_MSGSEND = YES;
				ENABLE_TESTABILITY = YES;
				GCC_C_LANGUAGE_STANDARD = gnu11;
				GCC_DYNAMIC_NO_PIC = NO;
				GCC_NO_COMMON_BLOCKS = YES;
				GCC_OPTIMIZATION_LEVEL = 0;
				GCC_PREPROCESSOR_DEFINITIONS = (
					"DEBUG=1",
					"$(inherited)",
				);
				GCC_WARN_64_TO_32_BIT_CONVERSION = YES;
				GCC_WARN_ABOUT_RETURN_TYPE = YES_ERROR;
				GCC_WARN_UNDECLARED_SELECTOR = YES;
				GCC_WARN_UNINITIALIZED_AUTOS = YES_AGGRESSIVE;
				GCC_WARN_UNUSED_FUNCTION = YES;
				GCC_WARN_UNUSED_VARIABLE = YES;
				IPHONEOS_DEPLOYMENT_TARGET = 12.1;
				MTL_ENABLE_DEBUG_INFO = INCLUDE_SOURCE;
				MTL_FAST_MATH = YES;
				ONLY_ACTIVE_ARCH = YES;
				SDKROOT = iphoneos;
				SWIFT_ACTIVE_COMPILATION_CONDITIONS = DEBUG;
				SWIFT_OPTIMIZATION_LEVEL = "-Onone";
			};
			name = Debug;
		};
		46AF8EC721CE991600FE14DF /* Release */ = {
			isa = XCBuildConfiguration;
			buildSettings = {
				ALWAYS_SEARCH_USER_PATHS = NO;
				CLANG_ANALYZER_NONNULL = YES;
				CLANG_ANALYZER_NUMBER_OBJECT_CONVERSION = YES_AGGRESSIVE;
				CLANG_CXX_LANGUAGE_STANDARD = "gnu++14";
				CLANG_CXX_LIBRARY = "libc++";
				CLANG_ENABLE_MODULES = YES;
				CLANG_ENABLE_OBJC_ARC = YES;
				CLANG_ENABLE_OBJC_WEAK = YES;
				CLANG_WARN_BLOCK_CAPTURE_AUTORELEASING = YES;
				CLANG_WARN_BOOL_CONVERSION = YES;
				CLANG_WARN_COMMA = YES;
				CLANG_WARN_CONSTANT_CONVERSION = YES;
				CLANG_WARN_DEPRECATED_OBJC_IMPLEMENTATIONS = YES;
				CLANG_WARN_DIRECT_OBJC_ISA_USAGE = YES_ERROR;
				CLANG_WARN_DOCUMENTATION_COMMENTS = YES;
				CLANG_WARN_EMPTY_BODY = YES;
				CLANG_WARN_ENUM_CONVERSION = YES;
				CLANG_WARN_INFINITE_RECURSION = YES;
				CLANG_WARN_INT_CONVERSION = YES;
				CLANG_WARN_NON_LITERAL_NULL_CONVERSION = YES;
				CLANG_WARN_OBJC_IMPLICIT_RETAIN_SELF = YES;
				CLANG_WARN_OBJC_LITERAL_CONVERSION = YES;
				CLANG_WARN_OBJC_ROOT_CLASS = YES_ERROR;
				CLANG_WARN_RANGE_LOOP_ANALYSIS = YES;
				CLANG_WARN_STRICT_PROTOTYPES = YES;
				CLANG_WARN_SUSPICIOUS_MOVE = YES;
				CLANG_WARN_UNGUARDED_AVAILABILITY = YES_AGGRESSIVE;
				CLANG_WARN_UNREACHABLE_CODE = YES;
				CLANG_WARN__DUPLICATE_METHOD_MATCH = YES;
				CODE_SIGN_IDENTITY = "iPhone Developer";
				COPY_PHASE_STRIP = NO;
				DEBUG_INFORMATION_FORMAT = "dwarf-with-dsym";
				ENABLE_NS_ASSERTIONS = NO;
				ENABLE_STRICT_OBJC_MSGSEND = YES;
				GCC_C_LANGUAGE_STANDARD = gnu11;
				GCC_NO_COMMON_BLOCKS = YES;
				GCC_WARN_64_TO_32_BIT_CONVERSION = YES;
				GCC_WARN_ABOUT_RETURN_TYPE = YES_ERROR;
				GCC_WARN_UNDECLARED_SELECTOR = YES;
				GCC_WARN_UNINITIALIZED_AUTOS = YES_AGGRESSIVE;
				GCC_WARN_UNUSED_FUNCTION = YES;
				GCC_WARN_UNUSED_VARIABLE = YES;
				IPHONEOS_DEPLOYMENT_TARGET = 12.1;
				MTL_ENABLE_DEBUG_INFO = NO;
				MTL_FAST_MATH = YES;
				SDKROOT = iphoneos;
				SWIFT_COMPILATION_MODE = wholemodule;
				SWIFT_OPTIMIZATION_LEVEL = "-O";
				VALIDATE_PRODUCT = YES;
			};
			name = Release;
		};
		46AF8EC921CE991600FE14DF /* Debug */ = {
			isa = XCBuildConfiguration;
			buildSettings = {
				ASSETCATALOG_COMPILER_APPICON_NAME = AppIcon;
				CODE_SIGN_STYLE = Automatic;
				DEVELOPMENT_TEAM = 46S3S784AR;
				INFOPLIST_FILE = KimonoFeed/Info.plist;
				LD_RUNPATH_SEARCH_PATHS = (
					"$(inherited)",
					"@executable_path/Frameworks",
				);
				PRODUCT_BUNDLE_IDENTIFIER = com.uriphium.KimonoFeed;
				PRODUCT_NAME = "$(TARGET_NAME)";
				SWIFT_VERSION = 4.2;
				TARGETED_DEVICE_FAMILY = "1,2";
			};
			name = Debug;
		};
		46AF8ECA21CE991600FE14DF /* Release */ = {
			isa = XCBuildConfiguration;
			buildSettings = {
				ASSETCATALOG_COMPILER_APPICON_NAME = AppIcon;
				CODE_SIGN_STYLE = Automatic;
				DEVELOPMENT_TEAM = 46S3S784AR;
				INFOPLIST_FILE = KimonoFeed/Info.plist;
				LD_RUNPATH_SEARCH_PATHS = (
					"$(inherited)",
					"@executable_path/Frameworks",
				);
				PRODUCT_BUNDLE_IDENTIFIER = com.uriphium.KimonoFeed;
				PRODUCT_NAME = "$(TARGET_NAME)";
				SWIFT_VERSION = 4.2;
				TARGETED_DEVICE_FAMILY = "1,2";
			};
			name = Release;
		};
		46AF8ECC21CE991600FE14DF /* Debug */ = {
			isa = XCBuildConfiguration;
			buildSettings = {
				ALWAYS_EMBED_SWIFT_STANDARD_LIBRARIES = YES;
				BUNDLE_LOADER = "$(TEST_HOST)";
				CODE_SIGN_STYLE = Automatic;
				DEVELOPMENT_TEAM = 46S3S784AR;
				INFOPLIST_FILE = KimonoFeedTests/Info.plist;
				LD_RUNPATH_SEARCH_PATHS = (
					"$(inherited)",
					"@executable_path/Frameworks",
					"@loader_path/Frameworks",
				);
				PRODUCT_BUNDLE_IDENTIFIER = com.uriphium.KimonoFeedTests;
				PRODUCT_NAME = "$(TARGET_NAME)";
				SWIFT_VERSION = 4.2;
				TARGETED_DEVICE_FAMILY = "1,2";
				TEST_HOST = "$(BUILT_PRODUCTS_DIR)/KimonoFeed.app/KimonoFeed";
			};
			name = Debug;
		};
		46AF8ECD21CE991600FE14DF /* Release */ = {
			isa = XCBuildConfiguration;
			buildSettings = {
				ALWAYS_EMBED_SWIFT_STANDARD_LIBRARIES = YES;
				BUNDLE_LOADER = "$(TEST_HOST)";
				CODE_SIGN_STYLE = Automatic;
				DEVELOPMENT_TEAM = 46S3S784AR;
				INFOPLIST_FILE = KimonoFeedTests/Info.plist;
				LD_RUNPATH_SEARCH_PATHS = (
					"$(inherited)",
					"@executable_path/Frameworks",
					"@loader_path/Frameworks",
				);
				PRODUCT_BUNDLE_IDENTIFIER = com.uriphium.KimonoFeedTests;
				PRODUCT_NAME = "$(TARGET_NAME)";
				SWIFT_VERSION = 4.2;
				TARGETED_DEVICE_FAMILY = "1,2";
				TEST_HOST = "$(BUILT_PRODUCTS_DIR)/KimonoFeed.app/KimonoFeed";
			};
			name = Release;
		};
/* End XCBuildConfiguration section */

/* Begin XCConfigurationList section */
		46AF8EA621CE991500FE14DF /* Build configuration list for PBXProject "KimonoFeed" */ = {
			isa = XCConfigurationList;
			buildConfigurations = (
				46AF8EC621CE991600FE14DF /* Debug */,
				46AF8EC721CE991600FE14DF /* Release */,
			);
			defaultConfigurationIsVisible = 0;
			defaultConfigurationName = Release;
		};
		46AF8EC821CE991600FE14DF /* Build configuration list for PBXNativeTarget "KimonoFeed" */ = {
			isa = XCConfigurationList;
			buildConfigurations = (
				46AF8EC921CE991600FE14DF /* Debug */,
				46AF8ECA21CE991600FE14DF /* Release */,
			);
			defaultConfigurationIsVisible = 0;
			defaultConfigurationName = Release;
		};
		46AF8ECB21CE991600FE14DF /* Build configuration list for PBXNativeTarget "KimonoFeedTests" */ = {
			isa = XCConfigurationList;
			buildConfigurations = (
				46AF8ECC21CE991600FE14DF /* Debug */,
				46AF8ECD21CE991600FE14DF /* Release */,
			);
			defaultConfigurationIsVisible = 0;
			defaultConfigurationName = Release;
		};
/* End XCConfigurationList section */
	};
	rootObject = 46AF8EA321CE991500FE14DF /* Project object */;
}
